
Microsoft Visual Studio Solution File, Format Version 12.00
# Visual Studio Version 17
VisualStudioVersion = 17.13.35806.99 d17.13
MinimumVisualStudioVersion = 10.0.40219.1
Project("{FAE04EC0-301F-11D3-BF4B-00C04F79EFBC}") = "ODEV4", "ODEV4\ODEV4.csproj", "{8A196D5B-0181-4567-9082-C613A0CDD44F}"
EndProject
Global
	GlobalSection(SolutionConfigurationPlatforms) = preSolution
		Debug|Any CPU = Debug|Any CPU
		Release|Any CPU = Release|Any CPU
	EndGlobalSection
	GlobalSection(ProjectConfigurationPlatforms) = postSolution
		{8A196D5B-0181-4567-9082-C613A0CDD44F}.Debug|Any CPU.ActiveCfg = Debug|Any CPU
		{8A196D5B-0181-4567-9082-C613A0CDD44F}.Debug|Any CPU.Build.0 = Debug|Any CPU
		{8A196D5B-0181-4567-9082-C613A0CDD44F}.Release|Any CPU.ActiveCfg = Release|Any CPU
		{8A196D5B-0181-4567-9082-C613A0CDD44F}.Release|Any CPU.Build.0 = Release|Any CPU
	EndGlobalSection
	GlobalSection(SolutionProperties) = preSolution
		HideSolutionNode = FALSE
	EndGlobalSection
	GlobalSection(ExtensibilityGlobals) = postSolution
		SolutionGuid = {7F7DC433-C167-491C-B40F-36AFD85E7170}
	EndGlobalSection
EndGlobal
