
Microsoft Visual Studio Solution File, Format Version 12.00
# Visual Studio Version 17
VisualStudioVersion = 17.13.35806.99 d17.13
MinimumVisualStudioVersion = 10.0.40219.1
Project("{FAE04EC0-301F-11D3-BF4B-00C04F79EFBC}") = "ODEV3", "ODEV3\ODEV3.csproj", "{3820979B-227F-4D81-B290-8E1BCBA0707E}"
EndProject
Global
	GlobalSection(SolutionConfigurationPlatforms) = preSolution
		Debug|Any CPU = Debug|Any CPU
		Release|Any CPU = Release|Any CPU
	EndGlobalSection
	GlobalSection(ProjectConfigurationPlatforms) = postSolution
		{3820979B-227F-4D81-B290-8E1BCBA0707E}.Debug|Any CPU.ActiveCfg = Debug|Any CPU
		{3820979B-227F-4D81-B290-8E1BCBA0707E}.Debug|Any CPU.Build.0 = Debug|Any CPU
		{3820979B-227F-4D81-B290-8E1BCBA0707E}.Release|Any CPU.ActiveCfg = Release|Any CPU
		{3820979B-227F-4D81-B290-8E1BCBA0707E}.Release|Any CPU.Build.0 = Release|Any CPU
	EndGlobalSection
	GlobalSection(SolutionProperties) = preSolution
		HideSolutionNode = FALSE
	EndGlobalSection
	GlobalSection(ExtensibilityGlobals) = postSolution
		SolutionGuid = {D2FAB238-A170-4B86-99C8-4DFA22A06724}
	EndGlobalSection
EndGlobal
