
Microsoft Visual Studio Solution File, Format Version 12.00
# Visual Studio Version 17
VisualStudioVersion = 17.13.35806.99 d17.13
MinimumVisualStudioVersion = 10.0.40219.1
Project("{FAE04EC0-301F-11D3-BF4B-00C04F79EFBC}") = "ODEV", "ODEV\ODEV.csproj", "{CDD21450-9B43-4A49-A37B-9C3165E39968}"
EndProject
Global
	GlobalSection(SolutionConfigurationPlatforms) = preSolution
		Debug|Any CPU = Debug|Any CPU
		Release|Any CPU = Release|Any CPU
	EndGlobalSection
	GlobalSection(ProjectConfigurationPlatforms) = postSolution
		{CDD21450-9B43-4A49-A37B-9C3165E39968}.Debug|Any CPU.ActiveCfg = Debug|Any CPU
		{CDD21450-9B43-4A49-A37B-9C3165E39968}.Debug|Any CPU.Build.0 = Debug|Any CPU
		{CDD21450-9B43-4A49-A37B-9C3165E39968}.Release|Any CPU.ActiveCfg = Release|Any CPU
		{CDD21450-9B43-4A49-A37B-9C3165E39968}.Release|Any CPU.Build.0 = Release|Any CPU
	EndGlobalSection
	GlobalSection(SolutionProperties) = preSolution
		HideSolutionNode = FALSE
	EndGlobalSection
	GlobalSection(ExtensibilityGlobals) = postSolution
		SolutionGuid = {676F8690-CC83-427B-B2E7-ADCB6E4B75E4}
	EndGlobalSection
EndGlobal
