
Microsoft Visual Studio Solution File, Format Version 12.00
# Visual Studio Version 17
VisualStudioVersion = 17.13.35806.99 d17.13
MinimumVisualStudioVersion = 10.0.40219.1
Project("{FAE04EC0-301F-11D3-BF4B-00C04F79EFBC}") = "ConsoleApp12", "ConsoleApp12\ConsoleApp12.csproj", "{CF4896F3-5836-4731-940C-92C8DA656083}"
EndProject
Global
	GlobalSection(SolutionConfigurationPlatforms) = preSolution
		Debug|Any CPU = Debug|Any CPU
		Release|Any CPU = Release|Any CPU
	EndGlobalSection
	GlobalSection(ProjectConfigurationPlatforms) = postSolution
		{CF4896F3-5836-4731-940C-92C8DA656083}.Debug|Any CPU.ActiveCfg = Debug|Any CPU
		{CF4896F3-5836-4731-940C-92C8DA656083}.Debug|Any CPU.Build.0 = Debug|Any CPU
		{CF4896F3-5836-4731-940C-92C8DA656083}.Release|Any CPU.ActiveCfg = Release|Any CPU
		{CF4896F3-5836-4731-940C-92C8DA656083}.Release|Any CPU.Build.0 = Release|Any CPU
	EndGlobalSection
	GlobalSection(SolutionProperties) = preSolution
		HideSolutionNode = FALSE
	EndGlobalSection
	GlobalSection(ExtensibilityGlobals) = postSolution
		SolutionGuid = {632DCA44-C914-45CE-9BF3-440E404DACF1}
	EndGlobalSection
EndGlobal
