
Microsoft Visual Studio Solution File, Format Version 12.00
# Visual Studio Version 17
VisualStudioVersion = 17.13.35806.99 d17.13
MinimumVisualStudioVersion = 10.0.40219.1
Project("{FAE04EC0-301F-11D3-BF4B-00C04F79EFBC}") = "Calculator11", "Calculator11\Calculator11.csproj", "{5C4D29F8-1CFE-4DF8-970C-7535D0665388}"
EndProject
Global
	GlobalSection(SolutionConfigurationPlatforms) = preSolution
		Debug|Any CPU = Debug|Any CPU
		Release|Any CPU = Release|Any CPU
	EndGlobalSection
	GlobalSection(ProjectConfigurationPlatforms) = postSolution
		{5C4D29F8-1CFE-4DF8-970C-7535D0665388}.Debug|Any CPU.ActiveCfg = Debug|Any CPU
		{5C4D29F8-1CFE-4DF8-970C-7535D0665388}.Debug|Any CPU.Build.0 = Debug|Any CPU
		{5C4D29F8-1CFE-4DF8-970C-7535D0665388}.Release|Any CPU.ActiveCfg = Release|Any CPU
		{5C4D29F8-1CFE-4DF8-970C-7535D0665388}.Release|Any CPU.Build.0 = Release|Any CPU
	EndGlobalSection
	GlobalSection(SolutionProperties) = preSolution
		HideSolutionNode = FALSE
	EndGlobalSection
	GlobalSection(ExtensibilityGlobals) = postSolution
		SolutionGuid = {763276A8-7755-44E0-BBE5-98CE11AD5A44}
	EndGlobalSection
EndGlobal
