
Microsoft Visual Studio Solution File, Format Version 12.00
# Visual Studio Version 17
VisualStudioVersion = 17.13.35806.99 d17.13
MinimumVisualStudioVersion = 10.0.40219.1
Project("{FAE04EC0-301F-11D3-BF4B-00C04F79EFBC}") = "ODEV1", "ODEV1\ODEV1.csproj", "{477A7E2C-6D98-4079-A413-5B004AE80FC0}"
EndProject
Global
	GlobalSection(SolutionConfigurationPlatforms) = preSolution
		Debug|Any CPU = Debug|Any CPU
		Release|Any CPU = Release|Any CPU
	EndGlobalSection
	GlobalSection(ProjectConfigurationPlatforms) = postSolution
		{477A7E2C-6D98-4079-A413-5B004AE80FC0}.Debug|Any CPU.ActiveCfg = Debug|Any CPU
		{477A7E2C-6D98-4079-A413-5B004AE80FC0}.Debug|Any CPU.Build.0 = Debug|Any CPU
		{477A7E2C-6D98-4079-A413-5B004AE80FC0}.Release|Any CPU.ActiveCfg = Release|Any CPU
		{477A7E2C-6D98-4079-A413-5B004AE80FC0}.Release|Any CPU.Build.0 = Release|Any CPU
	EndGlobalSection
	GlobalSection(SolutionProperties) = preSolution
		HideSolutionNode = FALSE
	EndGlobalSection
	GlobalSection(ExtensibilityGlobals) = postSolution
		SolutionGuid = {69E05F4F-1E98-4470-B269-37FFDAB02091}
	EndGlobalSection
EndGlobal
